github.com/issue9/assert/v4 v4.3.1 h1:dHYODk1yV7j/1baIB6K6UggI4r1Hfuljqic7PaDbwLg=
github.com/issue9/assert/v4 v4.3.1/go.mod h1:v7qDRXi7AsaZZNh8eAK2rkLJg5/clztqQGA1DRv9Lv4=
github.com/issue9/errwrap v0.3.3 h1:qYkdgqni0sdvbaLgVdJxNxrnpFmM6u9Wm/W9iE5mVzI=
github.com/issue9/errwrap v0.3.3/go.mod h1:I3pMMJix+2LvmJlbPXomej4eLKgJa/f2Xci3HFXlF7Q=
github.com/issue9/localeutil v0.31.0 h1:drk6C/qPWE13xhScti3tFR/hZ/z8UKyPDotR+dOwBRw=
github.com/issue9/localeutil v0.31.0/go.mod h1:jNMs8rE983YWHIVmE/vbhR5rQRzbIhzv9hDpwUCAE+Q=
github.com/issue9/term/v3 v3.4.3 h1:cVPzk3t3qjExYS+WZVupWotsXu6r2raqrrk+G4JP7PA=
github.com/issue9/term/v3 v3.4.3/go.mod h1:dvMiLCpx6k5eFzglBL3kJ7kfX2QrcS6xVpLKTr79sW8=
golang.org/x/sys v0.36.0 h1:KVRy2GtZBrk1cBYA7MKu5bEZFxQk4NIDV6RLVcC8o0k=
golang.org/x/sys v0.36.0/go.mod h1:OgkHotnGiDImocRcuBABYBEXf8A9a87e/uXjp9XT3ks=
golang.org/x/text v0.29.0 h1:1neNs90w9YzJ9BocxfsQNHKuAT4pkghyXc4nhZ6sJvk=
golang.org/x/text v0.29.0/go.mod h1:7MhJOA9CD2qZyOKYazxdYMF85OwPdEr9jTtBpO7ydH4=
golang.org/x/xerrors v0.0.0-20240903120638-7835f813f4da h1:noIWHXmPHxILtqtCOPIhSt0ABwskkZKjD3bXGnZGpNY=
golang.org/x/xerrors v0.0.0-20240903120638-7835f813f4da/go.mod h1:NDW/Ps6MPRej6fsCIbMTohpP40sJ/P/vI1MoTEGwX90=
