github.com/issue9/assert/v5 v5.0.0 h1:Wii6hVeJGtYJwFzfvMbz6pxESV2pg2URvwkWoR0xSec=
github.com/issue9/assert/v5 v5.0.0/go.mod h1:JqsxtACdhRx1QhpUzH/kweZQe3bmCNvYVJPgu0qDrM0=
github.com/issue9/errwrap v0.4.0 h1:tU2s1vsH6L+1oSWhsHt7oH+8pxEmyOw4lqB/lylKOPQ=
github.com/issue9/errwrap v0.4.0/go.mod h1:L3dqdeTN+L/Uv9VW/QPsQLq61/xsnM4yZ1taj/gAxXE=
github.com/issue9/localeutil v0.34.0 h1:/AG0X7kM4frerbmapIcsOWnnKxUiZfIprxBT1aKg/Sg=
github.com/issue9/localeutil v0.34.0/go.mod h1:H1anEuPs1Xpxenmfp9jE6Qr2J8x3AR38TIRjpDSm4ps=
github.com/issue9/term/v3 v3.5.0 h1:USzNT0KEEvQlSGT4JMq0sPVQmSLg4cZ6H9DcWvfX/jE=
github.com/issue9/term/v3 v3.5.0/go.mod h1:6tAk+Mo1S1CNPWz6DemvvsWurOuQfgQ3b0pczBnRXDU=
golang.org/x/sys v0.47.0 h1:o7XGOvZQCADBQQ4Y7VNq2dRWQR7JmOUW8Kxx4ZsNgWs=
golang.org/x/sys v0.47.0/go.mod h1:4GL1E5IUh+htKOUEOaiffhrAeqysfVGipDYzABqnCmw=
golang.org/x/text v0.41.0 h1:vz/seA0lnX87Othu2f/0L24RcgrXD9/YFTSuGjj3rH8=
golang.org/x/text v0.41.0/go.mod h1:jvf1O8ajNzZqhSrQBPbutR/EB83Cc0CFrezNQIwbb5M=
golang.org/x/xerrors v0.0.0-20240903120638-7835f813f4da h1:noIWHXmPHxILtqtCOPIhSt0ABwskkZKjD3bXGnZGpNY=
golang.org/x/xerrors v0.0.0-20240903120638-7835f813f4da/go.mod h1:NDW/Ps6MPRej6fsCIbMTohpP40sJ/P/vI1MoTEGwX90=
